// !$*UTF8*$!
{
	archiveVersion = 1;
	classes = {
	};
	objectVersion = 50;
	objects = {

/* Begin PBXBuildFile section */
		9F02FC3825137B60005588DD /* PhoneNumbersView.swift in Sources */ = {isa = PBXBuildFile; fileRef = 9F02FC3725137B60005588DD /* PhoneNumbersView.swift */; };
		9F02FC3A2513810F005588DD /* ReviewAPIService.swift in Sources */ = {isa = PBXBuildFile; fileRef = 9F02FC392513810F005588DD /* ReviewAPIService.swift */; };
		9F02FC3C2513812F005588DD /* Review.swift in Sources */ = {isa = PBXBuildFile; fileRef = 9F02FC3B2513812F005588DD /* Review.swift */; };
		9F02FC3E2513817A005588DD /* User.swift in Sources */ = {isa = PBXBuildFile; fileRef = 9F02FC3D2513817A005588DD /* User.swift */; };
		9F02FC40251382A7005588DD /* ReviewsView.swift in Sources */ = {isa = PBXBuildFile; fileRef = 9F02FC3F251382A7005588DD /* ReviewsView.swift */; };
		9F02FC4225139C89005588DD /* BusinessListRowView.swift in Sources */ = {isa = PBXBuildFile; fileRef = 9F02FC4125139C89005588DD /* BusinessListRowView.swift */; };
		9F02FC442513A36B005588DD /* PriceView.swift in Sources */ = {isa = PBXBuildFile; fileRef = 9F02FC432513A36B005588DD /* PriceView.swift */; };
		9F02FC462513AAAE005588DD /* PhotosRollView.swift in Sources */ = {isa = PBXBuildFile; fileRef = 9F02FC452513AAAE005588DD /* PhotosRollView.swift */; };
		9F02FC482513AE44005588DD /* Stub.swift in Sources */ = {isa = PBXBuildFile; fileRef = 9F02FC472513AE44005588DD /* Stub.swift */; };
		9F02FC4A2513C7EB005588DD /* categories.json in Resources */ = {isa = PBXBuildFile; fileRef = 9F02FC492513C7EB005588DD /* categories.json */; };
		9F0542712515CDCE009420EB /* MapboxMobileEvents.framework in Frameworks */ = {isa = PBXBuildFile; fileRef = 9F05426F2515CDCE009420EB /* MapboxMobileEvents.framework */; };
		9F0542722515CDCE009420EB /* Mapbox.framework in Frameworks */ = {isa = PBXBuildFile; fileRef = 9F0542702515CDCE009420EB /* Mapbox.framework */; };
		9F0542742515CE30009420EB /* MapboxView.swift in Sources */ = {isa = PBXBuildFile; fileRef = 9F0542732515CE30009420EB /* MapboxView.swift */; };
		9F0542782515D9BF009420EB /* DirectionsView.swift in Sources */ = {isa = PBXBuildFile; fileRef = 9F0542772515D9BF009420EB /* DirectionsView.swift */; };
		9F05427A2515E5CF009420EB /* DirectionsViewModel.swift in Sources */ = {isa = PBXBuildFile; fileRef = 9F0542792515E5CF009420EB /* DirectionsViewModel.swift */; };
		9F05427E2515F138009420EB /* MapboxDirections.framework in Frameworks */ = {isa = PBXBuildFile; fileRef = 9F05427B2515F138009420EB /* MapboxDirections.framework */; };
		9F05427F2515F138009420EB /* Polyline.framework in Frameworks */ = {isa = PBXBuildFile; fileRef = 9F05427C2515F138009420EB /* Polyline.framework */; };
		9F0542802515F138009420EB /* Turf.framework in Frameworks */ = {isa = PBXBuildFile; fileRef = 9F05427D2515F138009420EB /* Turf.framework */; };
		9F2B7DDA2510A6A600482AF7 /* AppDelegate.swift in Sources */ = {isa = PBXBuildFile; fileRef = 9F2B7DD92510A6A600482AF7 /* AppDelegate.swift */; };
		9F2B7DDC2510A6A600482AF7 /* SceneDelegate.swift in Sources */ = {isa = PBXBuildFile; fileRef = 9F2B7DDB2510A6A600482AF7 /* SceneDelegate.swift */; };
		9F2B7DDF2510A6A600482AF7 /* YelpAssignment.xcdatamodeld in Sources */ = {isa = PBXBuildFile; fileRef = 9F2B7DDD2510A6A600482AF7 /* YelpAssignment.xcdatamodeld */; };
		9F2B7DE12510A6A600482AF7 /* BusinessesHomeView.swift in Sources */ = {isa = PBXBuildFile; fileRef = 9F2B7DE02510A6A600482AF7 /* BusinessesHomeView.swift */; };
		9F2B7DE32510A6A700482AF7 /* Assets.xcassets in Resources */ = {isa = PBXBuildFile; fileRef = 9F2B7DE22510A6A700482AF7 /* Assets.xcassets */; };
		9F2B7DE62510A6A700482AF7 /* Preview Assets.xcassets in Resources */ = {isa = PBXBuildFile; fileRef = 9F2B7DE52510A6A700482AF7 /* Preview Assets.xcassets */; };
		9F2B7DE92510A6A700482AF7 /* LaunchScreen.storyboard in Resources */ = {isa = PBXBuildFile; fileRef = 9F2B7DE72510A6A700482AF7 /* LaunchScreen.storyboard */; };
		9F2B7DF42510A6A700482AF7 /* YelpAssignmentTests.swift in Sources */ = {isa = PBXBuildFile; fileRef = 9F2B7DF32510A6A700482AF7 /* YelpAssignmentTests.swift */; };
		9F2B7DFF2510A6A700482AF7 /* YelpAssignmentUITests.swift in Sources */ = {isa = PBXBuildFile; fileRef = 9F2B7DFE2510A6A700482AF7 /* YelpAssignmentUITests.swift */; };
		9F2B7E0F2510AF3800482AF7 /* Alamofire.framework in Frameworks */ = {isa = PBXBuildFile; fileRef = 9F2B7E0E2510AF3800482AF7 /* Alamofire.framework */; };
		9F2B7E152510B51B00482AF7 /* HeaderView.swift in Sources */ = {isa = PBXBuildFile; fileRef = 9F2B7E142510B51B00482AF7 /* HeaderView.swift */; };
		9F2B7E1B2510B81500482AF7 /* SearchBarView.swift in Sources */ = {isa = PBXBuildFile; fileRef = 9F2B7E1A2510B81500482AF7 /* SearchBarView.swift */; };
		9F2B7E1E2510BF2000482AF7 /* MockAPIClient.swift in Sources */ = {isa = PBXBuildFile; fileRef = 9F2B7E1D2510BF2000482AF7 /* MockAPIClient.swift */; };
		9F5C2712251128A600B97CC1 /* LiveAPIServiceTests.swift in Sources */ = {isa = PBXBuildFile; fileRef = 9F5C2711251128A600B97CC1 /* LiveAPIServiceTests.swift */; };
		9F71E085251117B200E54517 /* Category.swift in Sources */ = {isa = PBXBuildFile; fileRef = 9F71E084251117B200E54517 /* Category.swift */; };
		9F71E0872511181A00E54517 /* Coordinates.swift in Sources */ = {isa = PBXBuildFile; fileRef = 9F71E0862511181A00E54517 /* Coordinates.swift */; };
		9F71E0892511187300E54517 /* Location.swift in Sources */ = {isa = PBXBuildFile; fileRef = 9F71E0882511187300E54517 /* Location.swift */; };
		9F71E08B25111A7B00E54517 /* APIError.swift in Sources */ = {isa = PBXBuildFile; fileRef = 9F71E08A25111A7B00E54517 /* APIError.swift */; };
		9F89CC2625149EA30087AD6D /* SwiftUIPager.framework in Frameworks */ = {isa = PBXBuildFile; fileRef = 9F89CC2525149EA30087AD6D /* SwiftUIPager.framework */; };
		9F8B3C5C2514933F00227C77 /* DealsBannerView.swift in Sources */ = {isa = PBXBuildFile; fileRef = 9F8B3C5B2514933F00227C77 /* DealsBannerView.swift */; };
		9FAC1FAA251248AB003EE8EF /* BusinessDetailViewModel.swift in Sources */ = {isa = PBXBuildFile; fileRef = 9FAC1FA9251248AB003EE8EF /* BusinessDetailViewModel.swift */; };
		9FAC1FAF2512573C003EE8EF /* Open.swift in Sources */ = {isa = PBXBuildFile; fileRef = 9FAC1FAE2512573C003EE8EF /* Open.swift */; };
		9FAC1FB1251257ED003EE8EF /* Hour.swift in Sources */ = {isa = PBXBuildFile; fileRef = 9FAC1FB0251257ED003EE8EF /* Hour.swift */; };
		9FAC1FB325125A3A003EE8EF /* HoursView.swift in Sources */ = {isa = PBXBuildFile; fileRef = 9FAC1FB225125A3A003EE8EF /* HoursView.swift */; };
		9FB990232510D96C00C23941 /* BusinessesHomeViewModel.swift in Sources */ = {isa = PBXBuildFile; fileRef = 9FB990222510D96C00C23941 /* BusinessesHomeViewModel.swift */; };
		9FB990262510D9FD00C23941 /* Business.swift in Sources */ = {isa = PBXBuildFile; fileRef = 9FB990252510D9FD00C23941 /* Business.swift */; };
		9FB9902B2510EAF900C23941 /* Setting.swift in Sources */ = {isa = PBXBuildFile; fileRef = 9FB9902A2510EAF900C23941 /* Setting.swift */; };
		9FB990322510EEEF00C23941 /* APIService.swift in Sources */ = {isa = PBXBuildFile; fileRef = 9FB990312510EEEF00C23941 /* APIService.swift */; };
		9FB9903E2510F50700C23941 /* APIClient.swift in Sources */ = {isa = PBXBuildFile; fileRef = 9FB9903D2510F50700C23941 /* APIClient.swift */; };
		9FC00B5B251139C200C00181 /* BusinessDetailView.swift in Sources */ = {isa = PBXBuildFile; fileRef = 9FC00B5A251139C200C00181 /* BusinessDetailView.swift */; };
		9FC10A0725120DC9001A1CF2 /* SDWebImageSwiftUI.framework in Frameworks */ = {isa = PBXBuildFile; fileRef = 9FC10A0425120DC9001A1CF2 /* SDWebImageSwiftUI.framework */; };
		9FC10A0825120DC9001A1CF2 /* SDWebImageMapKit.framework in Frameworks */ = {isa = PBXBuildFile; fileRef = 9FC10A0525120DC9001A1CF2 /* SDWebImageMapKit.framework */; };
		9FC10A0925120DC9001A1CF2 /* SDWebImage.framework in Frameworks */ = {isa = PBXBuildFile; fileRef = 9FC10A0625120DC9001A1CF2 /* SDWebImage.framework */; };
		9FC10A0B2512258F001A1CF2 /* MapView.swift in Sources */ = {isa = PBXBuildFile; fileRef = 9FC10A0A2512258F001A1CF2 /* MapView.swift */; };
		9FC10A0D2512306D001A1CF2 /* StarRatingView.swift in Sources */ = {isa = PBXBuildFile; fileRef = 9FC10A0C2512306D001A1CF2 /* StarRatingView.swift */; };
		9FC10A1225124198001A1CF2 /* CategoriesView.swift in Sources */ = {isa = PBXBuildFile; fileRef = 9FC10A1125124198001A1CF2 /* CategoriesView.swift */; };
		9FC10A14251246A8001A1CF2 /* BusinessDetailAPIService.swift in Sources */ = {isa = PBXBuildFile; fileRef = 9FC10A13251246A8001A1CF2 /* BusinessDetailAPIService.swift */; };
		9FE31DDA2510FBF2001FB173 /* SearchBusinessAPIService.swift in Sources */ = {isa = PBXBuildFile; fileRef = 9FE31DD92510FBF2001FB173 /* SearchBusinessAPIService.swift */; };
		9FF681B52514737A007FBF7A /* LocationService.swift in Sources */ = {isa = PBXBuildFile; fileRef = 9FF681B42514737A007FBF7A /* LocationService.swift */; };
/* End PBXBuildFile section */

/* Begin PBXContainerItemProxy section */
		9F2B7DF02510A6A700482AF7 /* PBXContainerItemProxy */ = {
			isa = PBXContainerItemProxy;
			containerPortal = 9F2B7DCE2510A6A600482AF7 /* Project object */;
			proxyType = 1;
			remoteGlobalIDString = 9F2B7DD52510A6A600482AF7;
			remoteInfo = YelpAssignment;
		};
		9F2B7DFB2510A6A700482AF7 /* PBXContainerItemProxy */ = {
			isa = PBXContainerItemProxy;
			containerPortal = 9F2B7DCE2510A6A600482AF7 /* Project object */;
			proxyType = 1;
			remoteGlobalIDString = 9F2B7DD52510A6A600482AF7;
			remoteInfo = YelpAssignment;
		};
/* End PBXContainerItemProxy section */

/* Begin PBXFileReference section */
		9F02FC3725137B60005588DD /* PhoneNumbersView.swift */ = {isa = PBXFileReference; lastKnownFileType = sourcecode.swift; path = PhoneNumbersView.swift; sourceTree = "<group>"; };
		9F02FC392513810F005588DD /* ReviewAPIService.swift */ = {isa = PBXFileReference; lastKnownFileType = sourcecode.swift; path = ReviewAPIService.swift; sourceTree = "<group>"; };
		9F02FC3B2513812F005588DD /* Review.swift */ = {isa = PBXFileReference; lastKnownFileType = sourcecode.swift; path = Review.swift; sourceTree = "<group>"; };
		9F02FC3D2513817A005588DD /* User.swift */ = {isa = PBXFileReference; lastKnownFileType = sourcecode.swift; path = User.swift; sourceTree = "<group>"; };
		9F02FC3F251382A7005588DD /* ReviewsView.swift */ = {isa = PBXFileReference; lastKnownFileType = sourcecode.swift; path = ReviewsView.swift; sourceTree = "<group>"; };
		9F02FC4125139C89005588DD /* BusinessListRowView.swift */ = {isa = PBXFileReference; lastKnownFileType = sourcecode.swift; path = BusinessListRowView.swift; sourceTree = "<group>"; };
		9F02FC432513A36B005588DD /* PriceView.swift */ = {isa = PBXFileReference; lastKnownFileType = sourcecode.swift; path = PriceView.swift; sourceTree = "<group>"; };
		9F02FC452513AAAE005588DD /* PhotosRollView.swift */ = {isa = PBXFileReference; lastKnownFileType = sourcecode.swift; path = PhotosRollView.swift; sourceTree = "<group>"; };
		9F02FC472513AE44005588DD /* Stub.swift */ = {isa = PBXFileReference; lastKnownFileType = sourcecode.swift; path = Stub.swift; sourceTree = "<group>"; };
		9F02FC492513C7EB005588DD /* categories.json */ = {isa = PBXFileReference; fileEncoding = 4; lastKnownFileType = text.json; path = categories.json; sourceTree = "<group>"; };
		9F05426F2515CDCE009420EB /* MapboxMobileEvents.framework */ = {isa = PBXFileReference; lastKnownFileType = wrapper.framework; name = MapboxMobileEvents.framework; path = Carthage/Build/iOS/MapboxMobileEvents.framework; sourceTree = "<group>"; };
		9F0542702515CDCE009420EB /* Mapbox.framework */ = {isa = PBXFileReference; lastKnownFileType = wrapper.framework; name = Mapbox.framework; path = Carthage/Build/iOS/Mapbox.framework; sourceTree = "<group>"; };
		9F0542732515CE30009420EB /* MapboxView.swift */ = {isa = PBXFileReference; lastKnownFileType = sourcecode.swift; path = MapboxView.swift; sourceTree = "<group>"; };
		9F0542772515D9BF009420EB /* DirectionsView.swift */ = {isa = PBXFileReference; lastKnownFileType = sourcecode.swift; path = DirectionsView.swift; sourceTree = "<group>"; };
		9F0542792515E5CF009420EB /* DirectionsViewModel.swift */ = {isa = PBXFileReference; lastKnownFileType = sourcecode.swift; path = DirectionsViewModel.swift; sourceTree = "<group>"; };
		9F05427B2515F138009420EB /* MapboxDirections.framework */ = {isa = PBXFileReference; lastKnownFileType = wrapper.framework; name = MapboxDirections.framework; path = Carthage/Build/iOS/MapboxDirections.framework; sourceTree = "<group>"; };
		9F05427C2515F138009420EB /* Polyline.framework */ = {isa = PBXFileReference; lastKnownFileType = wrapper.framework; name = Polyline.framework; path = Carthage/Build/iOS/Polyline.framework; sourceTree = "<group>"; };
		9F05427D2515F138009420EB /* Turf.framework */ = {isa = PBXFileReference; lastKnownFileType = wrapper.framework; name = Turf.framework; path = Carthage/Build/iOS/Turf.framework; sourceTree = "<group>"; };
		9F2B7DD62510A6A600482AF7 /* YelpAssignment.app */ = {isa = PBXFileReference; explicitFileType = wrapper.application; includeInIndex = 0; path = YelpAssignment.app; sourceTree = BUILT_PRODUCTS_DIR; };
		9F2B7DD92510A6A600482AF7 /* AppDelegate.swift */ = {isa = PBXFileReference; lastKnownFileType = sourcecode.swift; path = AppDelegate.swift; sourceTree = "<group>"; };
		9F2B7DDB2510A6A600482AF7 /* SceneDelegate.swift */ = {isa = PBXFileReference; lastKnownFileType = sourcecode.swift; path = SceneDelegate.swift; sourceTree = "<group>"; };
		9F2B7DDE2510A6A600482AF7 /* YelpAssignment.xcdatamodel */ = {isa = PBXFileReference; lastKnownFileType = wrapper.xcdatamodel; path = YelpAssignment.xcdatamodel; sourceTree = "<group>"; };
		9F2B7DE02510A6A600482AF7 /* BusinessesHomeView.swift */ = {isa = PBXFileReference; lastKnownFileType = sourcecode.swift; path = BusinessesHomeView.swift; sourceTree = "<group>"; };
		9F2B7DE22510A6A700482AF7 /* Assets.xcassets */ = {isa = PBXFileReference; lastKnownFileType = folder.assetcatalog; path = Assets.xcassets; sourceTree = "<group>"; };
		9F2B7DE52510A6A700482AF7 /* Preview Assets.xcassets */ = {isa = PBXFileReference; lastKnownFileType = folder.assetcatalog; path = "Preview Assets.xcassets"; sourceTree = "<group>"; };
		9F2B7DE82510A6A700482AF7 /* Base */ = {isa = PBXFileReference; lastKnownFileType = file.storyboard; name = Base; path = Base.lproj/LaunchScreen.storyboard; sourceTree = "<group>"; };
		9F2B7DEA2510A6A700482AF7 /* Info.plist */ = {isa = PBXFileReference; lastKnownFileType = text.plist.xml; path = Info.plist; sourceTree = "<group>"; };
		9F2B7DEF2510A6A700482AF7 /* YelpAssignmentTests.xctest */ = {isa = PBXFileReference; explicitFileType = wrapper.cfbundle; includeInIndex = 0; path = YelpAssignmentTests.xctest; sourceTree = BUILT_PRODUCTS_DIR; };
		9F2B7DF32510A6A700482AF7 /* YelpAssignmentTests.swift */ = {isa = PBXFileReference; lastKnownFileType = sourcecode.swift; path = YelpAssignmentTests.swift; sourceTree = "<group>"; };
		9F2B7DF52510A6A700482AF7 /* Info.plist */ = {isa = PBXFileReference; lastKnownFileType = text.plist.xml; path = Info.plist; sourceTree = "<group>"; };
		9F2B7DFA2510A6A700482AF7 /* YelpAssignmentUITests.xctest */ = {isa = PBXFileReference; explicitFileType = wrapper.cfbundle; includeInIndex = 0; path = YelpAssignmentUITests.xctest; sourceTree = BUILT_PRODUCTS_DIR; };
		9F2B7DFE2510A6A700482AF7 /* YelpAssignmentUITests.swift */ = {isa = PBXFileReference; lastKnownFileType = sourcecode.swift; path = YelpAssignmentUITests.swift; sourceTree = "<group>"; };
		9F2B7E002510A6A700482AF7 /* Info.plist */ = {isa = PBXFileReference; lastKnownFileType = text.plist.xml; path = Info.plist; sourceTree = "<group>"; };
		9F2B7E0E2510AF3800482AF7 /* Alamofire.framework */ = {isa = PBXFileReference; lastKnownFileType = wrapper.framework; name = Alamofire.framework; path = Carthage/Build/iOS/Alamofire.framework; sourceTree = "<group>"; };
		9F2B7E142510B51B00482AF7 /* HeaderView.swift */ = {isa = PBXFileReference; lastKnownFileType = sourcecode.swift; path = HeaderView.swift; sourceTree = "<group>"; };
		9F2B7E1A2510B81500482AF7 /* SearchBarView.swift */ = {isa = PBXFileReference; lastKnownFileType = sourcecode.swift; path = SearchBarView.swift; sourceTree = "<group>"; };
		9F2B7E1D2510BF2000482AF7 /* MockAPIClient.swift */ = {isa = PBXFileReference; lastKnownFileType = sourcecode.swift; path = MockAPIClient.swift; sourceTree = "<group>"; };
		9F2B7E232510D44000482AF7 /* ObjectMapper.framework */ = {isa = PBXFileReference; lastKnownFileType = wrapper.framework; name = ObjectMapper.framework; path = Carthage/Build/iOS/ObjectMapper.framework; sourceTree = "<group>"; };
		9F2B7E242510D44000482AF7 /* CDYelpFusionKit.framework */ = {isa = PBXFileReference; lastKnownFileType = wrapper.framework; name = CDYelpFusionKit.framework; path = Carthage/Build/iOS/CDYelpFusionKit.framework; sourceTree = "<group>"; };
		9F5C2711251128A600B97CC1 /* LiveAPIServiceTests.swift */ = {isa = PBXFileReference; lastKnownFileType = sourcecode.swift; path = LiveAPIServiceTests.swift; sourceTree = "<group>"; };
		9F71E084251117B200E54517 /* Category.swift */ = {isa = PBXFileReference; lastKnownFileType = sourcecode.swift; path = Category.swift; sourceTree = "<group>"; };
		9F71E0862511181A00E54517 /* Coordinates.swift */ = {isa = PBXFileReference; lastKnownFileType = sourcecode.swift; path = Coordinates.swift; sourceTree = "<group>"; };
		9F71E0882511187300E54517 /* Location.swift */ = {isa = PBXFileReference; lastKnownFileType = sourcecode.swift; path = Location.swift; sourceTree = "<group>"; };
		9F71E08A25111A7B00E54517 /* APIError.swift */ = {isa = PBXFileReference; lastKnownFileType = sourcecode.swift; path = APIError.swift; sourceTree = "<group>"; };
		9F89CC2525149EA30087AD6D /* SwiftUIPager.framework */ = {isa = PBXFileReference; lastKnownFileType = wrapper.framework; name = SwiftUIPager.framework; path = Carthage/Build/iOS/SwiftUIPager.framework; sourceTree = "<group>"; };
		9F8B3C5B2514933F00227C77 /* DealsBannerView.swift */ = {isa = PBXFileReference; lastKnownFileType = sourcecode.swift; path = DealsBannerView.swift; sourceTree = "<group>"; };
		9FAC1FA9251248AB003EE8EF /* BusinessDetailViewModel.swift */ = {isa = PBXFileReference; lastKnownFileType = sourcecode.swift; path = BusinessDetailViewModel.swift; sourceTree = "<group>"; };
		9FAC1FAE2512573C003EE8EF /* Open.swift */ = {isa = PBXFileReference; lastKnownFileType = sourcecode.swift; path = Open.swift; sourceTree = "<group>"; };
		9FAC1FB0251257ED003EE8EF /* Hour.swift */ = {isa = PBXFileReference; lastKnownFileType = sourcecode.swift; path = Hour.swift; sourceTree = "<group>"; };
		9FAC1FB225125A3A003EE8EF /* HoursView.swift */ = {isa = PBXFileReference; lastKnownFileType = sourcecode.swift; path = HoursView.swift; sourceTree = "<group>"; };
		9FB990222510D96C00C23941 /* BusinessesHomeViewModel.swift */ = {isa = PBXFileReference; lastKnownFileType = sourcecode.swift; path = BusinessesHomeViewModel.swift; sourceTree = "<group>"; };
		9FB990252510D9FD00C23941 /* Business.swift */ = {isa = PBXFileReference; lastKnownFileType = sourcecode.swift; path = Business.swift; sourceTree = "<group>"; };
		9FB9902A2510EAF900C23941 /* Setting.swift */ = {isa = PBXFileReference; lastKnownFileType = sourcecode.swift; path = Setting.swift; sourceTree = "<group>"; };
		9FB990312510EEEF00C23941 /* APIService.swift */ = {isa = PBXFileReference; lastKnownFileType = sourcecode.swift; path = APIService.swift; sourceTree = "<group>"; };
		9FB9903D2510F50700C23941 /* APIClient.swift */ = {isa = PBXFileReference; lastKnownFileType = sourcecode.swift; path = APIClient.swift; sourceTree = "<group>"; };
		9FC00B5A251139C200C00181 /* BusinessDetailView.swift */ = {isa = PBXFileReference; lastKnownFileType = sourcecode.swift; path = BusinessDetailView.swift; sourceTree = "<group>"; };
		9FC10A0425120DC9001A1CF2 /* SDWebImageSwiftUI.framework */ = {isa = PBXFileReference; lastKnownFileType = wrapper.framework; name = SDWebImageSwiftUI.framework; path = Carthage/Build/iOS/SDWebImageSwiftUI.framework; sourceTree = "<group>"; };
		9FC10A0525120DC9001A1CF2 /* SDWebImageMapKit.framework */ = {isa = PBXFileReference; lastKnownFileType = wrapper.framework; name = SDWebImageMapKit.framework; path = Carthage/Build/iOS/SDWebImageMapKit.framework; sourceTree = "<group>"; };
		9FC10A0625120DC9001A1CF2 /* SDWebImage.framework */ = {isa = PBXFileReference; lastKnownFileType = wrapper.framework; name = SDWebImage.framework; path = Carthage/Build/iOS/SDWebImage.framework; sourceTree = "<group>"; };
		9FC10A0A2512258F001A1CF2 /* MapView.swift */ = {isa = PBXFileReference; lastKnownFileType = sourcecode.swift; path = MapView.swift; sourceTree = "<group>"; };
		9FC10A0C2512306D001A1CF2 /* StarRatingView.swift */ = {isa = PBXFileReference; lastKnownFileType = sourcecode.swift; path = StarRatingView.swift; sourceTree = "<group>"; };
		9FC10A1125124198001A1CF2 /* CategoriesView.swift */ = {isa = PBXFileReference; lastKnownFileType = sourcecode.swift; path = CategoriesView.swift; sourceTree = "<group>"; };
		9FC10A13251246A8001A1CF2 /* BusinessDetailAPIService.swift */ = {isa = PBXFileReference; lastKnownFileType = sourcecode.swift; path = BusinessDetailAPIService.swift; sourceTree = "<group>"; };
		9FE31DD92510FBF2001FB173 /* SearchBusinessAPIService.swift */ = {isa = PBXFileReference; lastKnownFileType = sourcecode.swift; path = SearchBusinessAPIService.swift; sourceTree = "<group>"; };
		9FF681B42514737A007FBF7A /* LocationService.swift */ = {isa = PBXFileReference; lastKnownFileType = sourcecode.swift; path = LocationService.swift; sourceTree = "<group>"; };
/* End PBXFileReference section */

/* Begin PBXFrameworksBuildPhase section */
		9F2B7DD32510A6A600482AF7 /* Frameworks */ = {
			isa = PBXFrameworksBuildPhase;
			buildActionMask = 2147483647;
			files = (
				9F2B7E0F2510AF3800482AF7 /* Alamofire.framework in Frameworks */,
				9FC10A0725120DC9001A1CF2 /* SDWebImageSwiftUI.framework in Frameworks */,
				9FC10A0825120DC9001A1CF2 /* SDWebImageMapKit.framework in Frameworks */,
				9FC10A0925120DC9001A1CF2 /* SDWebImage.framework in Frameworks */,
				9F89CC2625149EA30087AD6D /* SwiftUIPager.framework in Frameworks */,
				9F0542712515CDCE009420EB /* MapboxMobileEvents.framework in Frameworks */,
				9F0542722515CDCE009420EB /* Mapbox.framework in Frameworks */,
				9F05427E2515F138009420EB /* MapboxDirections.framework in Frameworks */,
				9F05427F2515F138009420EB /* Polyline.framework in Frameworks */,
				9F0542802515F138009420EB /* Turf.framework in Frameworks */,
			);
			runOnlyForDeploymentPostprocessing = 0;
		};
		9F2B7DEC2510A6A700482AF7 /* Frameworks */ = {
			isa = PBXFrameworksBuildPhase;
			buildActionMask = 2147483647;
			files = (
			);
			runOnlyForDeploymentPostprocessing = 0;
		};
		9F2B7DF72510A6A700482AF7 /* Frameworks */ = {
			isa = PBXFrameworksBuildPhase;
			buildActionMask = 2147483647;
			files = (
			);
			runOnlyForDeploymentPostprocessing = 0;
		};
/* End PBXFrameworksBuildPhase section */

/* Begin PBXGroup section */
		9F2B7DCD2510A6A600482AF7 = {
			isa = PBXGroup;
			children = (
				9F2B7DD82510A6A600482AF7 /* YelpAssignment */,
				9F2B7DF22510A6A700482AF7 /* YelpAssignmentTests */,
				9F2B7DFD2510A6A700482AF7 /* YelpAssignmentUITests */,
				9F2B7DD72510A6A600482AF7 /* Products */,
				9F2B7E0D2510AF3800482AF7 /* Frameworks */,
			);
			sourceTree = "<group>";
		};
		9F2B7DD72510A6A600482AF7 /* Products */ = {
			isa = PBXGroup;
			children = (
				9F2B7DD62510A6A600482AF7 /* YelpAssignment.app */,
				9F2B7DEF2510A6A700482AF7 /* YelpAssignmentTests.xctest */,
				9F2B7DFA2510A6A700482AF7 /* YelpAssignmentUITests.xctest */,
			);
			name = Products;
			sourceTree = "<group>";
		};
		9F2B7DD82510A6A600482AF7 /* YelpAssignment */ = {
			isa = PBXGroup;
			children = (
				9FB990292510EAEB00C23941 /* Configuration */,
				9F2B7E122510B50200482AF7 /* Services */,
				9FB990242510D9F000C23941 /* Model */,
				9F2B7E1F2510C66500482AF7 /* ViewModel */,
				9F2B7E112510B4EB00482AF7 /* View */,
				9F2B7DD92510A6A600482AF7 /* AppDelegate.swift */,
				9F2B7DDB2510A6A600482AF7 /* SceneDelegate.swift */,
				9F2B7DE22510A6A700482AF7 /* Assets.xcassets */,
				9F2B7DE72510A6A700482AF7 /* LaunchScreen.storyboard */,
				9F2B7DEA2510A6A700482AF7 /* Info.plist */,
				9F2B7DDD2510A6A600482AF7 /* YelpAssignment.xcdatamodeld */,
				9F2B7DE42510A6A700482AF7 /* Preview Content */,
			);
			path = YelpAssignment;
			sourceTree = "<group>";
		};
		9F2B7DE42510A6A700482AF7 /* Preview Content */ = {
			isa = PBXGroup;
			children = (
				9F2B7DE52510A6A700482AF7 /* Preview Assets.xcassets */,
			);
			path = "Preview Content";
			sourceTree = "<group>";
		};
		9F2B7DF22510A6A700482AF7 /* YelpAssignmentTests */ = {
			isa = PBXGroup;
			children = (
				9F5C2711251128A600B97CC1 /* LiveAPIServiceTests.swift */,
				9F2B7DF32510A6A700482AF7 /* YelpAssignmentTests.swift */,
				9F2B7DF52510A6A700482AF7 /* Info.plist */,
			);
			path = YelpAssignmentTests;
			sourceTree = "<group>";
		};
		9F2B7DFD2510A6A700482AF7 /* YelpAssignmentUITests */ = {
			isa = PBXGroup;
			children = (
				9F2B7DFE2510A6A700482AF7 /* YelpAssignmentUITests.swift */,
				9F2B7E002510A6A700482AF7 /* Info.plist */,
			);
			path = YelpAssignmentUITests;
			sourceTree = "<group>";
		};
		9F2B7E0D2510AF3800482AF7 /* Frameworks */ = {
			isa = PBXGroup;
			children = (
				9F05427B2515F138009420EB /* MapboxDirections.framework */,
				9F05427C2515F138009420EB /* Polyline.framework */,
				9F05427D2515F138009420EB /* Turf.framework */,
				9F0542702515CDCE009420EB /* Mapbox.framework */,
				9F05426F2515CDCE009420EB /* MapboxMobileEvents.framework */,
				9F89CC2525149EA30087AD6D /* SwiftUIPager.framework */,
				9FC10A0625120DC9001A1CF2 /* SDWebImage.framework */,
				9FC10A0525120DC9001A1CF2 /* SDWebImageMapKit.framework */,
				9FC10A0425120DC9001A1CF2 /* SDWebImageSwiftUI.framework */,
				9F2B7E242510D44000482AF7 /* CDYelpFusionKit.framework */,
				9F2B7E232510D44000482AF7 /* ObjectMapper.framework */,
				9F2B7E0E2510AF3800482AF7 /* Alamofire.framework */,
			);
			name = Frameworks;
			sourceTree = "<group>";
		};
		9F2B7E112510B4EB00482AF7 /* View */ = {
			isa = PBXGroup;
			children = (
				9F2B7DE02510A6A600482AF7 /* BusinessesHomeView.swift */,
				9FC00B5A251139C200C00181 /* BusinessDetailView.swift */,
				9F02FC4125139C89005588DD /* BusinessListRowView.swift */,
				9F0542772515D9BF009420EB /* DirectionsView.swift */,
				9F02FC3F251382A7005588DD /* ReviewsView.swift */,
				9F2B7E142510B51B00482AF7 /* HeaderView.swift */,
				9F2B7E1A2510B81500482AF7 /* SearchBarView.swift */,
				9FC10A0A2512258F001A1CF2 /* MapView.swift */,
				9F0542732515CE30009420EB /* MapboxView.swift */,
				9FC10A0C2512306D001A1CF2 /* StarRatingView.swift */,
				9FC10A1125124198001A1CF2 /* CategoriesView.swift */,
				9F02FC452513AAAE005588DD /* PhotosRollView.swift */,
				9F02FC432513A36B005588DD /* PriceView.swift */,
				9FAC1FB225125A3A003EE8EF /* HoursView.swift */,
				9F02FC3725137B60005588DD /* PhoneNumbersView.swift */,
				9F8B3C5B2514933F00227C77 /* DealsBannerView.swift */,
			);
			path = View;
			sourceTree = "<group>";
		};
		9F2B7E122510B50200482AF7 /* Services */ = {
			isa = PBXGroup;
			children = (
				9FF681B42514737A007FBF7A /* LocationService.swift */,
				9F2B7E1C2510BD2400482AF7 /* Webservices */,
			);
			path = Services;
			sourceTree = "<group>";
		};
		9F2B7E1C2510BD2400482AF7 /* Webservices */ = {
			isa = PBXGroup;
			children = (
				9FB9903D2510F50700C23941 /* APIClient.swift */,
				9F2B7E1D2510BF2000482AF7 /* MockAPIClient.swift */,
				9FB990312510EEEF00C23941 /* APIService.swift */,
				9FE31DD92510FBF2001FB173 /* SearchBusinessAPIService.swift */,
				9FC10A13251246A8001A1CF2 /* BusinessDetailAPIService.swift */,
				9F02FC392513810F005588DD /* ReviewAPIService.swift */,
				9F71E08A25111A7B00E54517 /* APIError.swift */,
			);
			path = Webservices;
			sourceTree = "<group>";
		};
		9F2B7E1F2510C66500482AF7 /* ViewModel */ = {
			isa = PBXGroup;
			children = (
				9FB990222510D96C00C23941 /* BusinessesHomeViewModel.swift */,
				9FAC1FA9251248AB003EE8EF /* BusinessDetailViewModel.swift */,
				9F0542792515E5CF009420EB /* DirectionsViewModel.swift */,
			);
			path = ViewModel;
			sourceTree = "<group>";
		};
		9FB990242510D9F000C23941 /* Model */ = {
			isa = PBXGroup;
			children = (
				9FB990252510D9FD00C23941 /* Business.swift */,
				9F71E084251117B200E54517 /* Category.swift */,
				9F71E0862511181A00E54517 /* Coordinates.swift */,
				9F71E0882511187300E54517 /* Location.swift */,
				9FAC1FAE2512573C003EE8EF /* Open.swift */,
				9FAC1FB0251257ED003EE8EF /* Hour.swift */,
				9F02FC3B2513812F005588DD /* Review.swift */,
				9F02FC3D2513817A005588DD /* User.swift */,
			);
			path = Model;
			sourceTree = "<group>";
		};
		9FB990292510EAEB00C23941 /* Configuration */ = {
			isa = PBXGroup;
			children = (
				9F02FC492513C7EB005588DD /* categories.json */,
				9FB9902A2510EAF900C23941 /* Setting.swift */,
				9F02FC472513AE44005588DD /* Stub.swift */,
			);
			path = Configuration;
			sourceTree = "<group>";
		};
/* End PBXGroup section */

/* Begin PBXNativeTarget section */
		9F2B7DD52510A6A600482AF7 /* YelpAssignment */ = {
			isa = PBXNativeTarget;
			buildConfigurationList = 9F2B7E032510A6A700482AF7 /* Build configuration list for PBXNativeTarget "YelpAssignment" */;
			buildPhases = (
				9F2B7DD22510A6A600482AF7 /* Sources */,
				9F2B7DD32510A6A600482AF7 /* Frameworks */,
				9F2B7DD42510A6A600482AF7 /* Resources */,
				9F2B7E0C2510A6E600482AF7 /* Run Script */,
				9F2B7E102510AF5800482AF7 /* ShellScript */,
			);
			buildRules = (
			);
			dependencies = (
			);
			name = YelpAssignment;
			productName = YelpAssignment;
			productReference = 9F2B7DD62510A6A600482AF7 /* YelpAssignment.app */;
			productType = "com.apple.product-type.application";
		};
		9F2B7DEE2510A6A700482AF7 /* YelpAssignmentTests */ = {
			isa = PBXNativeTarget;
			buildConfigurationList = 9F2B7E062510A6A700482AF7 /* Build configuration list for PBXNativeTarget "YelpAssignmentTests" */;
			buildPhases = (
				9F2B7DEB2510A6A700482AF7 /* Sources */,
				9F2B7DEC2510A6A700482AF7 /* Frameworks */,
				9F2B7DED2510A6A700482AF7 /* Resources */,
			);
			buildRules = (
			);
			dependencies = (
				9F2B7DF12510A6A700482AF7 /* PBXTargetDependency */,
			);
			name = YelpAssignmentTests;
			productName = YelpAssignmentTests;
			productReference = 9F2B7DEF2510A6A700482AF7 /* YelpAssignmentTests.xctest */;
			productType = "com.apple.product-type.bundle.unit-test";
		};
		9F2B7DF92510A6A700482AF7 /* YelpAssignmentUITests */ = {
			isa = PBXNativeTarget;
			buildConfigurationList = 9F2B7E092510A6A700482AF7 /* Build configuration list for PBXNativeTarget "YelpAssignmentUITests" */;
			buildPhases = (
				9F2B7DF62510A6A700482AF7 /* Sources */,
				9F2B7DF72510A6A700482AF7 /* Frameworks */,
				9F2B7DF82510A6A700482AF7 /* Resources */,
			);
			buildRules = (
			);
			dependencies = (
				9F2B7DFC2510A6A700482AF7 /* PBXTargetDependency */,
			);
			name = YelpAssignmentUITests;
			productName = YelpAssignmentUITests;
			productReference = 9F2B7DFA2510A6A700482AF7 /* YelpAssignmentUITests.xctest */;
			productType = "com.apple.product-type.bundle.ui-testing";
		};
/* End PBXNativeTarget section */

/* Begin PBXProject section */
		9F2B7DCE2510A6A600482AF7 /* Project object */ = {
			isa = PBXProject;
			attributes = {
				LastSwiftUpdateCheck = 1170;
				LastUpgradeCheck = 1170;
				ORGANIZATIONNAME = "Ryan Dale Apo";
				TargetAttributes = {
					9F2B7DD52510A6A600482AF7 = {
						CreatedOnToolsVersion = 11.7;
						LastSwiftMigration = 1170;
					};
					9F2B7DEE2510A6A700482AF7 = {
						CreatedOnToolsVersion = 11.7;
						TestTargetID = 9F2B7DD52510A6A600482AF7;
					};
					9F2B7DF92510A6A700482AF7 = {
						CreatedOnToolsVersion = 11.7;
						TestTargetID = 9F2B7DD52510A6A600482AF7;
					};
				};
			};
			buildConfigurationList = 9F2B7DD12510A6A600482AF7 /* Build configuration list for PBXProject "YelpAssignment" */;
			compatibilityVersion = "Xcode 9.3";
			developmentRegion = en;
			hasScannedForEncodings = 0;
			knownRegions = (
				en,
				Base,
			);
			mainGroup = 9F2B7DCD2510A6A600482AF7;
			productRefGroup = 9F2B7DD72510A6A600482AF7 /* Products */;
			projectDirPath = "";
			projectRoot = "";
			targets = (
				9F2B7DD52510A6A600482AF7 /* YelpAssignment */,
				9F2B7DEE2510A6A700482AF7 /* YelpAssignmentTests */,
				9F2B7DF92510A6A700482AF7 /* YelpAssignmentUITests */,
			);
		};
/* End PBXProject section */

/* Begin PBXResourcesBuildPhase section */
		9F2B7DD42510A6A600482AF7 /* Resources */ = {
			isa = PBXResourcesBuildPhase;
			buildActionMask = 2147483647;
			files = (
				9F2B7DE92510A6A700482AF7 /* LaunchScreen.storyboard in Resources */,
				9F02FC4A2513C7EB005588DD /* categories.json in Resources */,
				9F2B7DE62510A6A700482AF7 /* Preview Assets.xcassets in Resources */,
				9F2B7DE32510A6A700482AF7 /* Assets.xcassets in Resources */,
			);
			runOnlyForDeploymentPostprocessing = 0;
		};
		9F2B7DED2510A6A700482AF7 /* Resources */ = {
			isa = PBXResourcesBuildPhase;
			buildActionMask = 2147483647;
			files = (
			);
			runOnlyForDeploymentPostprocessing = 0;
		};
		9F2B7DF82510A6A700482AF7 /* Resources */ = {
			isa = PBXResourcesBuildPhase;
			buildActionMask = 2147483647;
			files = (
			);
			runOnlyForDeploymentPostprocessing = 0;
		};
/* End PBXResourcesBuildPhase section */

/* Begin PBXShellScriptBuildPhase section */
		9F2B7E0C2510A6E600482AF7 /* Run Script */ = {
			isa = PBXShellScriptBuildPhase;
			buildActionMask = 2147483647;
			files = (
			);
			inputFileListPaths = (
			);
			inputPaths = (
			);
			name = "Run Script";
			outputFileListPaths = (
			);
			outputPaths = (
			);
			runOnlyForDeploymentPostprocessing = 0;
			shellPath = /bin/sh;
			shellScript = "if which swiftlint >/dev/null; then\n  git diff --cached --name-only | grep \"\\.swift\" | while read filename; do\n      echo \"swiftlinting file $filename\";\n      swiftlint lint --path \"$(git rev-parse --show-toplevel)/${filename}\";\n  done\nelse\n  echo \"warning: SwiftLint not installed, download from https://github.com/realm/SwiftLint\"\nfi\n";
		};
		9F2B7E102510AF5800482AF7 /* ShellScript */ = {
			isa = PBXShellScriptBuildPhase;
			buildActionMask = 2147483647;
			files = (
			);
			inputFileListPaths = (
			);
			inputPaths = (
				"$(SRCROOT)/Carthage/Build/iOS/Alamofire.framework",
				"$(SRCROOT)/Carthage/Build/iOS/SDWebImageSwiftUI.framework",
				"$(SRCROOT)/Carthage/Build/iOS/SDWebImageMapKit.framework",
				"$(SRCROOT)/Carthage/Build/iOS/SDWebImage.framework",
				"$(SRCROOT)/Carthage/Build/iOS/SwiftUIPager.framework",
				"$(SRCROOT)/Carthage/Build/iOS/MapboxMobileEvents.framework",
				"$(SRCROOT)/Carthage/Build/iOS/Mapbox.framework",
				"$(SRCROOT)/Carthage/Build/iOS/MapboxDirections.framework",
				"$(SRCROOT)/Carthage/Build/iOS/Polyline.framework",
				"$(SRCROOT)/Carthage/Build/iOS/Turf.framework",
			);
			outputFileListPaths = (
			);
			outputPaths = (
			);
			runOnlyForDeploymentPostprocessing = 0;
			shellPath = /bin/sh;
			shellScript = "/usr/local/bin/carthage copy-frameworks\n";
		};
/* End PBXShellScriptBuildPhase section */

/* Begin PBXSourcesBuildPhase section */
		9F2B7DD22510A6A600482AF7 /* Sources */ = {
			isa = PBXSourcesBuildPhase;
			buildActionMask = 2147483647;
			files = (
				9FAC1FAF2512573C003EE8EF /* Open.swift in Sources */,
				9F02FC3825137B60005588DD /* PhoneNumbersView.swift in Sources */,
				9F71E085251117B200E54517 /* Category.swift in Sources */,
				9F8B3C5C2514933F00227C77 /* DealsBannerView.swift in Sources */,
				9F2B7E152510B51B00482AF7 /* HeaderView.swift in Sources */,
				9F2B7E1E2510BF2000482AF7 /* MockAPIClient.swift in Sources */,
				9FB9902B2510EAF900C23941 /* Setting.swift in Sources */,
				9F02FC482513AE44005588DD /* Stub.swift in Sources */,
				9F02FC3A2513810F005588DD /* ReviewAPIService.swift in Sources */,
				9F2B7DDA2510A6A600482AF7 /* AppDelegate.swift in Sources */,
				9F02FC3E2513817A005588DD /* User.swift in Sources */,
				9FAC1FB1251257ED003EE8EF /* Hour.swift in Sources */,
				9F05427A2515E5CF009420EB /* DirectionsViewModel.swift in Sources */,
				9F71E0872511181A00E54517 /* Coordinates.swift in Sources */,
				9F71E08B25111A7B00E54517 /* APIError.swift in Sources */,
				9FB990232510D96C00C23941 /* BusinessesHomeViewModel.swift in Sources */,
				9FC10A1225124198001A1CF2 /* CategoriesView.swift in Sources */,
				9F02FC442513A36B005588DD /* PriceView.swift in Sources */,
				9F2B7DDF2510A6A600482AF7 /* YelpAssignment.xcdatamodeld in Sources */,
				9F02FC4225139C89005588DD /* BusinessListRowView.swift in Sources */,
				9FE31DDA2510FBF2001FB173 /* SearchBusinessAPIService.swift in Sources */,
				9F2B7E1B2510B81500482AF7 /* SearchBarView.swift in Sources */,
				9FB990262510D9FD00C23941 /* Business.swift in Sources */,
				9F0542742515CE30009420EB /* MapboxView.swift in Sources */,
				9FC10A14251246A8001A1CF2 /* BusinessDetailAPIService.swift in Sources */,
				9F2B7DE12510A6A600482AF7 /* BusinessesHomeView.swift in Sources */,
				9FC10A0D2512306D001A1CF2 /* StarRatingView.swift in Sources */,
				9FAC1FB325125A3A003EE8EF /* HoursView.swift in Sources */,
				9FC00B5B251139C200C00181 /* BusinessDetailView.swift in Sources */,
				9F0542782515D9BF009420EB /* DirectionsView.swift in Sources */,
				9F71E0892511187300E54517 /* Location.swift in Sources */,
				9F02FC462513AAAE005588DD /* PhotosRollView.swift in Sources */,
				9F02FC3C2513812F005588DD /* Review.swift in Sources */,
				9FC10A0B2512258F001A1CF2 /* MapView.swift in Sources */,
				9F02FC40251382A7005588DD /* ReviewsView.swift in Sources */,
				9FB990322510EEEF00C23941 /* APIService.swift in Sources */,
				9FAC1FAA251248AB003EE8EF /* BusinessDetailViewModel.swift in Sources */,
				9FB9903E2510F50700C23941 /* APIClient.swift in Sources */,
				9FF681B52514737A007FBF7A /* LocationService.swift in Sources */,
				9F2B7DDC2510A6A600482AF7 /* SceneDelegate.swift in Sources */,
			);
			runOnlyForDeploymentPostprocessing = 0;
		};
		9F2B7DEB2510A6A700482AF7 /* Sources */ = {
			isa = PBXSourcesBuildPhase;
			buildActionMask = 2147483647;
			files = (
				9F5C2712251128A600B97CC1 /* LiveAPIServiceTests.swift in Sources */,
				9F2B7DF42510A6A700482AF7 /* YelpAssignmentTests.swift in Sources */,
			);
			runOnlyForDeploymentPostprocessing = 0;
		};
		9F2B7DF62510A6A700482AF7 /* Sources */ = {
			isa = PBXSourcesBuildPhase;
			buildActionMask = 2147483647;
			files = (
				9F2B7DFF2510A6A700482AF7 /* YelpAssignmentUITests.swift in Sources */,
			);
			runOnlyForDeploymentPostprocessing = 0;
		};
/* End PBXSourcesBuildPhase section */

/* Begin PBXTargetDependency section */
		9F2B7DF12510A6A700482AF7 /* PBXTargetDependency */ = {
			isa = PBXTargetDependency;
			target = 9F2B7DD52510A6A600482AF7 /* YelpAssignment */;
			targetProxy = 9F2B7DF02510A6A700482AF7 /* PBXContainerItemProxy */;
		};
		9F2B7DFC2510A6A700482AF7 /* PBXTargetDependency */ = {
			isa = PBXTargetDependency;
			target = 9F2B7DD52510A6A600482AF7 /* YelpAssignment */;
			targetProxy = 9F2B7DFB2510A6A700482AF7 /* PBXContainerItemProxy */;
		};
/* End PBXTargetDependency section */

/* Begin PBXVariantGroup section */
		9F2B7DE72510A6A700482AF7 /* LaunchScreen.storyboard */ = {
			isa = PBXVariantGroup;
			children = (
				9F2B7DE82510A6A700482AF7 /* Base */,
			);
			name = LaunchScreen.storyboard;
			sourceTree = "<group>";
		};
/* End PBXVariantGroup section */

/* Begin XCBuildConfiguration section */
		9F2B7E012510A6A700482AF7 /* Debug */ = {
			isa = XCBuildConfiguration;
			buildSettings = {
				ALWAYS_SEARCH_USER_PATHS = NO;
				CLANG_ANALYZER_NONNULL = YES;
				CLANG_ANALYZER_NUMBER_OBJECT_CONVERSION = YES_AGGRESSIVE;
				CLANG_CXX_LANGUAGE_STANDARD = "gnu++14";
				CLANG_CXX_LIBRARY = "libc++";
				CLANG_ENABLE_MODULES = YES;
				CLANG_ENABLE_OBJC_ARC = YES;
				CLANG_ENABLE_OBJC_WEAK = YES;
				CLANG_WARN_BLOCK_CAPTURE_AUTORELEASING = YES;
				CLANG_WARN_BOOL_CONVERSION = YES;
				CLANG_WARN_COMMA = YES;
				CLANG_WARN_CONSTANT_CONVERSION = YES;
				CLANG_WARN_DEPRECATED_OBJC_IMPLEMENTATIONS = YES;
				CLANG_WARN_DIRECT_OBJC_ISA_USAGE = YES_ERROR;
				CLANG_WARN_DOCUMENTATION_COMMENTS = YES;
				CLANG_WARN_EMPTY_BODY = YES;
				CLANG_WARN_ENUM_CONVERSION = YES;
				CLANG_WARN_INFINITE_RECURSION = YES;
				CLANG_WARN_INT_CONVERSION = YES;
				CLANG_WARN_NON_LITERAL_NULL_CONVERSION = YES;
				CLANG_WARN_OBJC_IMPLICIT_RETAIN_SELF = YES;
				CLANG_WARN_OBJC_LITERAL_CONVERSION = YES;
				CLANG_WARN_OBJC_ROOT_CLASS = YES_ERROR;
				CLANG_WARN_RANGE_LOOP_ANALYSIS = YES;
				CLANG_WARN_STRICT_PROTOTYPES = YES;
				CLANG_WARN_SUSPICIOUS_MOVE = YES;
				CLANG_WARN_UNGUARDED_AVAILABILITY = YES_AGGRESSIVE;
				CLANG_WARN_UNREACHABLE_CODE = YES;
				CLANG_WARN__DUPLICATE_METHOD_MATCH = YES;
				COPY_PHASE_STRIP = NO;
				DEBUG_INFORMATION_FORMAT = dwarf;
				ENABLE_STRICT_OBJC_MSGSEND = YES;
				ENABLE_TESTABILITY = YES;
				GCC_C_LANGUAGE_STANDARD = gnu11;
				GCC_DYNAMIC_NO_PIC = NO;
				GCC_NO_COMMON_BLOCKS = YES;
				GCC_OPTIMIZATION_LEVEL = 0;
				GCC_PREPROCESSOR_DEFINITIONS = (
					"DEBUG=1",
					"$(inherited)",
				);
				GCC_WARN_64_TO_32_BIT_CONVERSION = YES;
				GCC_WARN_ABOUT_RETURN_TYPE = YES_ERROR;
				GCC_WARN_UNDECLARED_SELECTOR = YES;
				GCC_WARN_UNINITIALIZED_AUTOS = YES_AGGRESSIVE;
				GCC_WARN_UNUSED_FUNCTION = YES;
				GCC_WARN_UNUSED_VARIABLE = YES;
				IPHONEOS_DEPLOYMENT_TARGET = 13.7;
				MTL_ENABLE_DEBUG_INFO = INCLUDE_SOURCE;
				MTL_FAST_MATH = YES;
				ONLY_ACTIVE_ARCH = YES;
				SDKROOT = iphoneos;
				SWIFT_ACTIVE_COMPILATION_CONDITIONS = DEBUG;
				SWIFT_OPTIMIZATION_LEVEL = "-Onone";
			};
			name = Debug;
		};
		9F2B7E022510A6A700482AF7 /* Release */ = {
			isa = XCBuildConfiguration;
			buildSettings = {
				ALWAYS_SEARCH_USER_PATHS = NO;
				CLANG_ANALYZER_NONNULL = YES;
				CLANG_ANALYZER_NUMBER_OBJECT_CONVERSION = YES_AGGRESSIVE;
				CLANG_CXX_LANGUAGE_STANDARD = "gnu++14";
				CLANG_CXX_LIBRARY = "libc++";
				CLANG_ENABLE_MODULES = YES;
				CLANG_ENABLE_OBJC_ARC = YES;
				CLANG_ENABLE_OBJC_WEAK = YES;
				CLANG_WARN_BLOCK_CAPTURE_AUTORELEASING = YES;
				CLANG_WARN_BOOL_CONVERSION = YES;
				CLANG_WARN_COMMA = YES;
				CLANG_WARN_CONSTANT_CONVERSION = YES;
				CLANG_WARN_DEPRECATED_OBJC_IMPLEMENTATIONS = YES;
				CLANG_WARN_DIRECT_OBJC_ISA_USAGE = YES_ERROR;
				CLANG_WARN_DOCUMENTATION_COMMENTS = YES;
				CLANG_WARN_EMPTY_BODY = YES;
				CLANG_WARN_ENUM_CONVERSION = YES;
				CLANG_WARN_INFINITE_RECURSION = YES;
				CLANG_WARN_INT_CONVERSION = YES;
				CLANG_WARN_NON_LITERAL_NULL_CONVERSION = YES;
				CLANG_WARN_OBJC_IMPLICIT_RETAIN_SELF = YES;
				CLANG_WARN_OBJC_LITERAL_CONVERSION = YES;
				CLANG_WARN_OBJC_ROOT_CLASS = YES_ERROR;
				CLANG_WARN_RANGE_LOOP_ANALYSIS = YES;
				CLANG_WARN_STRICT_PROTOTYPES = YES;
				CLANG_WARN_SUSPICIOUS_MOVE = YES;
				CLANG_WARN_UNGUARDED_AVAILABILITY = YES_AGGRESSIVE;
				CLANG_WARN_UNREACHABLE_CODE = YES;
				CLANG_WARN__DUPLICATE_METHOD_MATCH = YES;
				COPY_PHASE_STRIP = NO;
				DEBUG_INFORMATION_FORMAT = "dwarf-with-dsym";
				ENABLE_NS_ASSERTIONS = NO;
				ENABLE_STRICT_OBJC_MSGSEND = YES;
				GCC_C_LANGUAGE_STANDARD = gnu11;
				GCC_NO_COMMON_BLOCKS = YES;
				GCC_WARN_64_TO_32_BIT_CONVERSION = YES;
				GCC_WARN_ABOUT_RETURN_TYPE = YES_ERROR;
				GCC_WARN_UNDECLARED_SELECTOR = YES;
				GCC_WARN_UNINITIALIZED_AUTOS = YES_AGGRESSIVE;
				GCC_WARN_UNUSED_FUNCTION = YES;
				GCC_WARN_UNUSED_VARIABLE = YES;
				IPHONEOS_DEPLOYMENT_TARGET = 13.7;
				MTL_ENABLE_DEBUG_INFO = NO;
				MTL_FAST_MATH = YES;
				SDKROOT = iphoneos;
				SWIFT_COMPILATION_MODE = wholemodule;
				SWIFT_OPTIMIZATION_LEVEL = "-O";
				VALIDATE_PRODUCT = YES;
			};
			name = Release;
		};
		9F2B7E042510A6A700482AF7 /* Debug */ = {
			isa = XCBuildConfiguration;
			buildSettings = {
				ASSETCATALOG_COMPILER_APPICON_NAME = AppIcon;
				CODE_SIGN_STYLE = Automatic;
				DEVELOPMENT_ASSET_PATHS = "\"YelpAssignment/Preview Content\"";
				DEVELOPMENT_TEAM = H4KU837H9U;
				ENABLE_PREVIEWS = YES;
				FRAMEWORK_SEARCH_PATHS = (
					"$(inherited)",
					"$(PROJECT_DIR)/Carthage/Build/iOS",
				);
				INFOPLIST_FILE = YelpAssignment/Info.plist;
				IPHONEOS_DEPLOYMENT_TARGET = 13.7;
				LD_RUNPATH_SEARCH_PATHS = (
					"$(inherited)",
					"@executable_path/Frameworks",
				);
				PRODUCT_BUNDLE_IDENTIFIER = com.rda.YelpAssignment;
				PRODUCT_NAME = "$(TARGET_NAME)";
				SWIFT_VERSION = 5.0;
				TARGETED_DEVICE_FAMILY = "1,2";
			};
			name = Debug;
		};
		9F2B7E052510A6A700482AF7 /* Release */ = {
			isa = XCBuildConfiguration;
			buildSettings = {
				ASSETCATALOG_COMPILER_APPICON_NAME = AppIcon;
				CODE_SIGN_STYLE = Automatic;
				DEVELOPMENT_ASSET_PATHS = "\"YelpAssignment/Preview Content\"";
				DEVELOPMENT_TEAM = H4KU837H9U;
				ENABLE_PREVIEWS = YES;
				FRAMEWORK_SEARCH_PATHS = (
					"$(inherited)",
					"$(PROJECT_DIR)/Carthage/Build/iOS",
				);
				INFOPLIST_FILE = YelpAssignment/Info.plist;
				IPHONEOS_DEPLOYMENT_TARGET = 13.7;
				LD_RUNPATH_SEARCH_PATHS = (
					"$(inherited)",
					"@executable_path/Frameworks",
				);
				PRODUCT_BUNDLE_IDENTIFIER = com.rda.YelpAssignment;
				PRODUCT_NAME = "$(TARGET_NAME)";
				SWIFT_VERSION = 5.0;
				TARGETED_DEVICE_FAMILY = "1,2";
			};
			name = Release;
		};
		9F2B7E072510A6A700482AF7 /* Debug */ = {
			isa = XCBuildConfiguration;
			buildSettings = {
				ALWAYS_EMBED_SWIFT_STANDARD_LIBRARIES = YES;
				BUNDLE_LOADER = "$(TEST_HOST)";
				CODE_SIGN_STYLE = Automatic;
				INFOPLIST_FILE = YelpAssignmentTests/Info.plist;
				IPHONEOS_DEPLOYMENT_TARGET = 13.7;
				LD_RUNPATH_SEARCH_PATHS = (
					"$(inherited)",
					"@executable_path/Frameworks",
					"@loader_path/Frameworks",
				);
				PRODUCT_BUNDLE_IDENTIFIER = com.rda.YelpAssignmentTests;
				PRODUCT_NAME = "$(TARGET_NAME)";
				SWIFT_VERSION = 5.0;
				TARGETED_DEVICE_FAMILY = "1,2";
				TEST_HOST = "$(BUILT_PRODUCTS_DIR)/YelpAssignment.app/YelpAssignment";
			};
			name = Debug;
		};
		9F2B7E082510A6A700482AF7 /* Release */ = {
			isa = XCBuildConfiguration;
			buildSettings = {
				ALWAYS_EMBED_SWIFT_STANDARD_LIBRARIES = YES;
				BUNDLE_LOADER = "$(TEST_HOST)";
				CODE_SIGN_STYLE = Automatic;
				INFOPLIST_FILE = YelpAssignmentTests/Info.plist;
				IPHONEOS_DEPLOYMENT_TARGET = 13.7;
				LD_RUNPATH_SEARCH_PATHS = (
					"$(inherited)",
					"@executable_path/Frameworks",
					"@loader_path/Frameworks",
				);
				PRODUCT_BUNDLE_IDENTIFIER = com.rda.YelpAssignmentTests;
				PRODUCT_NAME = "$(TARGET_NAME)";
				SWIFT_VERSION = 5.0;
				TARGETED_DEVICE_FAMILY = "1,2";
				TEST_HOST = "$(BUILT_PRODUCTS_DIR)/YelpAssignment.app/YelpAssignment";
			};
			name = Release;
		};
		9F2B7E0A2510A6A700482AF7 /* Debug */ = {
			isa = XCBuildConfiguration;
			buildSettings = {
				ALWAYS_EMBED_SWIFT_STANDARD_LIBRARIES = YES;
				CODE_SIGN_STYLE = Automatic;
				INFOPLIST_FILE = YelpAssignmentUITests/Info.plist;
				LD_RUNPATH_SEARCH_PATHS = (
					"$(inherited)",
					"@executable_path/Frameworks",
					"@loader_path/Frameworks",
				);
				PRODUCT_BUNDLE_IDENTIFIER = com.rda.YelpAssignmentUITests;
				PRODUCT_NAME = "$(TARGET_NAME)";
				SWIFT_VERSION = 5.0;
				TARGETED_DEVICE_FAMILY = "1,2";
				TEST_TARGET_NAME = YelpAssignment;
			};
			name = Debug;
		};
		9F2B7E0B2510A6A700482AF7 /* Release */ = {
			isa = XCBuildConfiguration;
			buildSettings = {
				ALWAYS_EMBED_SWIFT_STANDARD_LIBRARIES = YES;
				CODE_SIGN_STYLE = Automatic;
				INFOPLIST_FILE = YelpAssignmentUITests/Info.plist;
				LD_RUNPATH_SEARCH_PATHS = (
					"$(inherited)",
					"@executable_path/Frameworks",
					"@loader_path/Frameworks",
				);
				PRODUCT_BUNDLE_IDENTIFIER = com.rda.YelpAssignmentUITests;
				PRODUCT_NAME = "$(TARGET_NAME)";
				SWIFT_VERSION = 5.0;
				TARGETED_DEVICE_FAMILY = "1,2";
				TEST_TARGET_NAME = YelpAssignment;
			};
			name = Release;
		};
/* End XCBuildConfiguration section */

/* Begin XCConfigurationList section */
		9F2B7DD12510A6A600482AF7 /* Build configuration list for PBXProject "YelpAssignment" */ = {
			isa = XCConfigurationList;
			buildConfigurations = (
				9F2B7E012510A6A700482AF7 /* Debug */,
				9F2B7E022510A6A700482AF7 /* Release */,
			);
			defaultConfigurationIsVisible = 0;
			defaultConfigurationName = Release;
		};
		9F2B7E032510A6A700482AF7 /* Build configuration list for PBXNativeTarget "YelpAssignment" */ = {
			isa = XCConfigurationList;
			buildConfigurations = (
				9F2B7E042510A6A700482AF7 /* Debug */,
				9F2B7E052510A6A700482AF7 /* Release */,
			);
			defaultConfigurationIsVisible = 0;
			defaultConfigurationName = Release;
		};
		9F2B7E062510A6A700482AF7 /* Build configuration list for PBXNativeTarget "YelpAssignmentTests" */ = {
			isa = XCConfigurationList;
			buildConfigurations = (
				9F2B7E072510A6A700482AF7 /* Debug */,
				9F2B7E082510A6A700482AF7 /* Release */,
			);
			defaultConfigurationIsVisible = 0;
			defaultConfigurationName = Release;
		};
		9F2B7E092510A6A700482AF7 /* Build configuration list for PBXNativeTarget "YelpAssignmentUITests" */ = {
			isa = XCConfigurationList;
			buildConfigurations = (
				9F2B7E0A2510A6A700482AF7 /* Debug */,
				9F2B7E0B2510A6A700482AF7 /* Release */,
			);
			defaultConfigurationIsVisible = 0;
			defaultConfigurationName = Release;
		};
/* End XCConfigurationList section */

/* Begin XCVersionGroup section */
		9F2B7DDD2510A6A600482AF7 /* YelpAssignment.xcdatamodeld */ = {
			isa = XCVersionGroup;
			children = (
				9F2B7DDE2510A6A600482AF7 /* YelpAssignment.xcdatamodel */,
			);
			currentVersion = 9F2B7DDE2510A6A600482AF7 /* YelpAssignment.xcdatamodel */;
			path = YelpAssignment.xcdatamodeld;
			sourceTree = "<group>";
			versionGroupType = wrapper.xcdatamodel;
		};
/* End XCVersionGroup section */
	};
	rootObject = 9F2B7DCE2510A6A600482AF7 /* Project object */;
}
